// !$*UTF8*$!
{
	archiveVersion = 1;
	classes = {
	};
	objectVersion = 55;
	objects = {

/* Begin PBXBuildFile section */
		1DC4DE94285B39AD000CAFD2 /* H4X0R_NewsApp.swift in Sources */ = {isa = PBXBuildFile; fileRef = 1DC4DE93285B39AD000CAFD2 /* H4X0R_NewsApp.swift */; };
		1DC4DE96285B39AD000CAFD2 /* ContentView.swift in Sources */ = {isa = PBXBuildFile; fileRef = 1DC4DE95285B39AD000CAFD2 /* ContentView.swift */; };
		1DC4DE98285B39AF000CAFD2 /* Assets.xcassets in Resources */ = {isa = PBXBuildFile; fileRef = 1DC4DE97285B39AF000CAFD2 /* Assets.xcassets */; };
		1DC4DE9B285B39AF000CAFD2 /* Preview Assets.xcassets in Resources */ = {isa = PBXBuildFile; fileRef = 1DC4DE9A285B39AF000CAFD2 /* Preview Assets.xcassets */; };
		1DC4DEA3285B3BDF000CAFD2 /* NetworkManager.swift in Sources */ = {isa = PBXBuildFile; fileRef = 1DC4DEA2285B3BDF000CAFD2 /* NetworkManager.swift */; };
		1DC4DEA5285B3CBE000CAFD2 /* Post.swift in Sources */ = {isa = PBXBuildFile; fileRef = 1DC4DEA4285B3CBE000CAFD2 /* Post.swift */; };
		1DC4DEA9285B43D1000CAFD2 /* DetailView.swift in Sources */ = {isa = PBXBuildFile; fileRef = 1DC4DEA8285B43D1000CAFD2 /* DetailView.swift */; };
		1DC4DEAB285B46B3000CAFD2 /* WebView.swift in Sources */ = {isa = PBXBuildFile; fileRef = 1DC4DEAA285B46B3000CAFD2 /* WebView.swift */; };
		1DC4DEB0285B4B35000CAFD2 /* Extensions.swift in Sources */ = {isa = PBXBuildFile; fileRef = 1DC4DEAF285B4B35000CAFD2 /* Extensions.swift */; };
		1DC4DEB2285B4F89000CAFD2 /* NewsCellView.swift in Sources */ = {isa = PBXBuildFile; fileRef = 1DC4DEB1285B4F89000CAFD2 /* NewsCellView.swift */; };
		1DC4DEB4285B507F000CAFD2 /* NewsPointView.swift in Sources */ = {isa = PBXBuildFile; fileRef = 1DC4DEB3285B507F000CAFD2 /* NewsPointView.swift */; };
/* End PBXBuildFile section */

/* Begin PBXFileReference section */
		1DC4DE90285B39AD000CAFD2 /* H4X0R News.app */ = {isa = PBXFileReference; explicitFileType = wrapper.application; includeInIndex = 0; path = "H4X0R News.app"; sourceTree = BUILT_PRODUCTS_DIR; };
		1DC4DE93285B39AD000CAFD2 /* H4X0R_NewsApp.swift */ = {isa = PBXFileReference; lastKnownFileType = sourcecode.swift; path = H4X0R_NewsApp.swift; sourceTree = "<group>"; };
		1DC4DE95285B39AD000CAFD2 /* ContentView.swift */ = {isa = PBXFileReference; lastKnownFileType = sourcecode.swift; path = ContentView.swift; sourceTree = "<group>"; };
		1DC4DE97285B39AF000CAFD2 /* Assets.xcassets */ = {isa = PBXFileReference; lastKnownFileType = folder.assetcatalog; path = Assets.xcassets; sourceTree = "<group>"; };
		1DC4DE9A285B39AF000CAFD2 /* Preview Assets.xcassets */ = {isa = PBXFileReference; lastKnownFileType = folder.assetcatalog; path = "Preview Assets.xcassets"; sourceTree = "<group>"; };
		1DC4DEA2285B3BDF000CAFD2 /* NetworkManager.swift */ = {isa = PBXFileReference; lastKnownFileType = sourcecode.swift; path = NetworkManager.swift; sourceTree = "<group>"; };
		1DC4DEA4285B3CBE000CAFD2 /* Post.swift */ = {isa = PBXFileReference; lastKnownFileType = sourcecode.swift; path = Post.swift; sourceTree = "<group>"; };
		1DC4DEA8285B43D1000CAFD2 /* DetailView.swift */ = {isa = PBXFileReference; lastKnownFileType = sourcecode.swift; path = DetailView.swift; sourceTree = "<group>"; };
		1DC4DEAA285B46B3000CAFD2 /* WebView.swift */ = {isa = PBXFileReference; lastKnownFileType = sourcecode.swift; path = WebView.swift; sourceTree = "<group>"; };
		1DC4DEAF285B4B35000CAFD2 /* Extensions.swift */ = {isa = PBXFileReference; lastKnownFileType = sourcecode.swift; path = Extensions.swift; sourceTree = "<group>"; };
		1DC4DEB1285B4F89000CAFD2 /* NewsCellView.swift */ = {isa = PBXFileReference; lastKnownFileType = sourcecode.swift; path = NewsCellView.swift; sourceTree = "<group>"; };
		1DC4DEB3285B507F000CAFD2 /* NewsPointView.swift */ = {isa = PBXFileReference; lastKnownFileType = sourcecode.swift; path = NewsPointView.swift; sourceTree = "<group>"; };
/* End PBXFileReference section */

/* Begin PBXFrameworksBuildPhase section */
		1DC4DE8D285B39AD000CAFD2 /* Frameworks */ = {
			isa = PBXFrameworksBuildPhase;
			buildActionMask = 2147483647;
			files = (
			);
			runOnlyForDeploymentPostprocessing = 0;
		};
/* End PBXFrameworksBuildPhase section */

/* Begin PBXGroup section */
		1DC4DE87285B39AD000CAFD2 = {
			isa = PBXGroup;
			children = (
				1DC4DE92285B39AD000CAFD2 /* H4X0R News */,
				1DC4DE91285B39AD000CAFD2 /* Products */,
			);
			sourceTree = "<group>";
		};
		1DC4DE91285B39AD000CAFD2 /* Products */ = {
			isa = PBXGroup;
			children = (
				1DC4DE90285B39AD000CAFD2 /* H4X0R News.app */,
			);
			name = Products;
			sourceTree = "<group>";
		};
		1DC4DE92285B39AD000CAFD2 /* H4X0R News */ = {
			isa = PBXGroup;
			children = (
				1DC4DEA6285B4396000CAFD2 /* Network */,
				1DC4DEA1285B3BCD000CAFD2 /* Model */,
				1DC4DEA7285B43B9000CAFD2 /* View */,
				1DC4DEB5285B50F5000CAFD2 /* Modules */,
				1DC4DEAF285B4B35000CAFD2 /* Extensions.swift */,
				1DC4DE93285B39AD000CAFD2 /* H4X0R_NewsApp.swift */,
				1DC4DE97285B39AF000CAFD2 /* Assets.xcassets */,
				1DC4DE99285B39AF000CAFD2 /* Preview Content */,
			);
			path = "H4X0R News";
			sourceTree = "<group>";
		};
		1DC4DE99285B39AF000CAFD2 /* Preview Content */ = {
			isa = PBXGroup;
			children = (
				1DC4DE9A285B39AF000CAFD2 /* Preview Assets.xcassets */,
			);
			path = "Preview Content";
			sourceTree = "<group>";
		};
		1DC4DEA1285B3BCD000CAFD2 /* Model */ = {
			isa = PBXGroup;
			children = (
				1DC4DEA4285B3CBE000CAFD2 /* Post.swift */,
			);
			path = Model;
			sourceTree = "<group>";
		};
		1DC4DEA6285B4396000CAFD2 /* Network */ = {
			isa = PBXGroup;
			children = (
				1DC4DEA2285B3BDF000CAFD2 /* NetworkManager.swift */,
			);
			path = Network;
			sourceTree = "<group>";
		};
		1DC4DEA7285B43B9000CAFD2 /* View */ = {
			isa = PBXGroup;
			children = (
				1DC4DE95285B39AD000CAFD2 /* ContentView.swift */,
				1DC4DEA8285B43D1000CAFD2 /* DetailView.swift */,
				1DC4DEAA285B46B3000CAFD2 /* WebView.swift */,
			);
			path = View;
			sourceTree = "<group>";
		};
		1DC4DEB5285B50F5000CAFD2 /* Modules */ = {
			isa = PBXGroup;
			children = (
				1DC4DEB1285B4F89000CAFD2 /* NewsCellView.swift */,
				1DC4DEB3285B507F000CAFD2 /* NewsPointView.swift */,
			);
			path = Modules;
			sourceTree = "<group>";
		};
/* End PBXGroup section */

/* Begin PBXNativeTarget section */
		1DC4DE8F285B39AD000CAFD2 /* H4X0R News */ = {
			isa = PBXNativeTarget;
			buildConfigurationList = 1DC4DE9E285B39AF000CAFD2 /* Build configuration list for PBXNativeTarget "H4X0R News" */;
			buildPhases = (
				1DC4DE8C285B39AD000CAFD2 /* Sources */,
				1DC4DE8D285B39AD000CAFD2 /* Frameworks */,
				1DC4DE8E285B39AD000CAFD2 /* Resources */,
			);
			buildRules = (
			);
			dependencies = (
			);
			name = "H4X0R News";
			productName = "H4X0R News";
			productReference = 1DC4DE90285B39AD000CAFD2 /* H4X0R News.app */;
			productType = "com.apple.product-type.application";
		};
/* End PBXNativeTarget section */

/* Begin PBXProject section */
		1DC4DE88285B39AD000CAFD2 /* Project object */ = {
			isa = PBXProject;
			attributes = {
				BuildIndependentTargetsInParallel = 1;
				LastSwiftUpdateCheck = 1340;
				LastUpgradeCheck = 1340;
				TargetAttributes = {
					1DC4DE8F285B39AD000CAFD2 = {
						CreatedOnToolsVersion = 13.4.1;
					};
				};
			};
			buildConfigurationList = 1DC4DE8B285B39AD000CAFD2 /* Build configuration list for PBXProject "H4X0R News" */;
			compatibilityVersion = "Xcode 13.0";
			developmentRegion = en;
			hasScannedForEncodings = 0;
			knownRegions = (
				en,
				Base,
			);
			mainGroup = 1DC4DE87285B39AD000CAFD2;
			productRefGroup = 1DC4DE91285B39AD000CAFD2 /* Products */;
			projectDirPath = "";
			projectRoot = "";
			targets = (
				1DC4DE8F285B39AD000CAFD2 /* H4X0R News */,
			);
		};
/* End PBXProject section */

/* Begin PBXResourcesBuildPhase section */
		1DC4DE8E285B39AD000CAFD2 /* Resources */ = {
			isa = PBXResourcesBuildPhase;
			buildActionMask = 2147483647;
			files = (
				1DC4DE9B285B39AF000CAFD2 /* Preview Assets.xcassets in Resources */,
				1DC4DE98285B39AF000CAFD2 /* Assets.xcassets in Resources */,
			);
			runOnlyForDeploymentPostprocessing = 0;
		};
/* End PBXResourcesBuildPhase section */

/* Begin PBXSourcesBuildPhase section */
		1DC4DE8C285B39AD000CAFD2 /* Sources */ = {
			isa = PBXSourcesBuildPhase;
			buildActionMask = 2147483647;
			files = (
				1DC4DEB4285B507F000CAFD2 /* NewsPointView.swift in Sources */,
				1DC4DEA3285B3BDF000CAFD2 /* NetworkManager.swift in Sources */,
				1DC4DEA5285B3CBE000CAFD2 /* Post.swift in Sources */,
				1DC4DE96285B39AD000CAFD2 /* ContentView.swift in Sources */,
				1DC4DEAB285B46B3000CAFD2 /* WebView.swift in Sources */,
				1DC4DEA9285B43D1000CAFD2 /* DetailView.swift in Sources */,
				1DC4DEB2285B4F89000CAFD2 /* NewsCellView.swift in Sources */,
				1DC4DE94285B39AD000CAFD2 /* H4X0R_NewsApp.swift in Sources */,
				1DC4DEB0285B4B35000CAFD2 /* Extensions.swift in Sources */,
			);
			runOnlyForDeploymentPostprocessing = 0;
		};
/* End PBXSourcesBuildPhase section */

/* Begin XCBuildConfiguration section */
		1DC4DE9C285B39AF000CAFD2 /* Debug */ = {
			isa = XCBuildConfiguration;
			buildSettings = {
				ALWAYS_SEARCH_USER_PATHS = NO;
				CLANG_ANALYZER_NONNULL = YES;
				CLANG_ANALYZER_NUMBER_OBJECT_CONVERSION = YES_AGGRESSIVE;
				CLANG_CXX_LANGUAGE_STANDARD = "gnu++17";
				CLANG_ENABLE_MODULES = YES;
				CLANG_ENABLE_OBJC_ARC = YES;
				CLANG_ENABLE_OBJC_WEAK = YES;
				CLANG_WARN_BLOCK_CAPTURE_AUTORELEASING = YES;
				CLANG_WARN_BOOL_CONVERSION = YES;
				CLANG_WARN_COMMA = YES;
				CLANG_WARN_CONSTANT_CONVERSION = YES;
				CLANG_WARN_DEPRECATED_OBJC_IMPLEMENTATIONS = YES;
				CLANG_WARN_DIRECT_OBJC_ISA_USAGE = YES_ERROR;
				CLANG_WARN_DOCUMENTATION_COMMENTS = YES;
				CLANG_WARN_EMPTY_BODY = YES;
				CLANG_WARN_ENUM_CONVERSION = YES;
				CLANG_WARN_INFINITE_RECURSION = YES;
				CLANG_WARN_INT_CONVERSION = YES;
				CLANG_WARN_NON_LITERAL_NULL_CONVERSION = YES;
				CLANG_WARN_OBJC_IMPLICIT_RETAIN_SELF = YES;
				CLANG_WARN_OBJC_LITERAL_CONVERSION = YES;
				CLANG_WARN_OBJC_ROOT_CLASS = YES_ERROR;
				CLANG_WARN_QUOTED_INCLUDE_IN_FRAMEWORK_HEADER = YES;
				CLANG_WARN_RANGE_LOOP_ANALYSIS = YES;
				CLANG_WARN_STRICT_PROTOTYPES = YES;
				CLANG_WARN_SUSPICIOUS_MOVE = YES;
				CLANG_WARN_UNGUARDED_AVAILABILITY = YES_AGGRESSIVE;
				CLANG_WARN_UNREACHABLE_CODE = YES;
				CLANG_WARN__DUPLICATE_METHOD_MATCH = YES;
				COPY_PHASE_STRIP = NO;
				DEBUG_INFORMATION_FORMAT = dwarf;
				ENABLE_STRICT_OBJC_MSGSEND = YES;
				ENABLE_TESTABILITY = YES;
				GCC_C_LANGUAGE_STANDARD = gnu11;
				GCC_DYNAMIC_NO_PIC = NO;
				GCC_NO_COMMON_BLOCKS = YES;
				GCC_OPTIMIZATION_LEVEL = 0;
				GCC_PREPROCESSOR_DEFINITIONS = (
					"DEBUG=1",
					"$(inherited)",
				);
				GCC_WARN_64_TO_32_BIT_CONVERSION = YES;
				GCC_WARN_ABOUT_RETURN_TYPE = YES_ERROR;
				GCC_WARN_UNDECLARED_SELECTOR = YES;
				GCC_WARN_UNINITIALIZED_AUTOS = YES_AGGRESSIVE;
				GCC_WARN_UNUSED_FUNCTION = YES;
				GCC_WARN_UNUSED_VARIABLE = YES;
				IPHONEOS_DEPLOYMENT_TARGET = 15.5;
				MTL_ENABLE_DEBUG_INFO = INCLUDE_SOURCE;
				MTL_FAST_MATH = YES;
				ONLY_ACTIVE_ARCH = YES;
				SDKROOT = iphoneos;
				SWIFT_ACTIVE_COMPILATION_CONDITIONS = DEBUG;
				SWIFT_OPTIMIZATION_LEVEL = "-Onone";
			};
			name = Debug;
		};
		1DC4DE9D285B39AF000CAFD2 /* Release */ = {
			isa = XCBuildConfiguration;
			buildSettings = {
				ALWAYS_SEARCH_USER_PATHS = NO;
				CLANG_ANALYZER_NONNULL = YES;
				CLANG_ANALYZER_NUMBER_OBJECT_CONVERSION = YES_AGGRESSIVE;
				CLANG_CXX_LANGUAGE_STANDARD = "gnu++17";
				CLANG_ENABLE_MODULES = YES;
				CLANG_ENABLE_OBJC_ARC = YES;
				CLANG_ENABLE_OBJC_WEAK = YES;
				CLANG_WARN_BLOCK_CAPTURE_AUTORELEASING = YES;
				CLANG_WARN_BOOL_CONVERSION = YES;
				CLANG_WARN_COMMA = YES;
				CLANG_WARN_CONSTANT_CONVERSION = YES;
				CLANG_WARN_DEPRECATED_OBJC_IMPLEMENTATIONS = YES;
				CLANG_WARN_DIRECT_OBJC_ISA_USAGE = YES_ERROR;
				CLANG_WARN_DOCUMENTATION_COMMENTS = YES;
				CLANG_WARN_EMPTY_BODY = YES;
				CLANG_WARN_ENUM_CONVERSION = YES;
				CLANG_WARN_INFINITE_RECURSION = YES;
				CLANG_WARN_INT_CONVERSION = YES;
				CLANG_WARN_NON_LITERAL_NULL_CONVERSION = YES;
				CLANG_WARN_OBJC_IMPLICIT_RETAIN_SELF = YES;
				CLANG_WARN_OBJC_LITERAL_CONVERSION = YES;
				CLANG_WARN_OBJC_ROOT_CLASS = YES_ERROR;
				CLANG_WARN_QUOTED_INCLUDE_IN_FRAMEWORK_HEADER = YES;
				CLANG_WARN_RANGE_LOOP_ANALYSIS = YES;
				CLANG_WARN_STRICT_PROTOTYPES = YES;
				CLANG_WARN_SUSPICIOUS_MOVE = YES;
				CLANG_WARN_UNGUARDED_AVAILABILITY = YES_AGGRESSIVE;
				CLANG_WARN_UNREACHABLE_CODE = YES;
				CLANG_WARN__DUPLICATE_METHOD_MATCH = YES;
				COPY_PHASE_STRIP = NO;
				DEBUG_INFORMATION_FORMAT = "dwarf-with-dsym";
				ENABLE_NS_ASSERTIONS = NO;
				ENABLE_STRICT_OBJC_MSGSEND = YES;
				GCC_C_LANGUAGE_STANDARD = gnu11;
				GCC_NO_COMMON_BLOCKS = YES;
				GCC_WARN_64_TO_32_BIT_CONVERSION = YES;
				GCC_WARN_ABOUT_RETURN_TYPE = YES_ERROR;
				GCC_WARN_UNDECLARED_SELECTOR = YES;
				GCC_WARN_UNINITIALIZED_AUTOS = YES_AGGRESSIVE;
				GCC_WARN_UNUSED_FUNCTION = YES;
				GCC_WARN_UNUSED_VARIABLE = YES;
				IPHONEOS_DEPLOYMENT_TARGET = 15.5;
				MTL_ENABLE_DEBUG_INFO = NO;
				MTL_FAST_MATH = YES;
				SDKROOT = iphoneos;
				SWIFT_COMPILATION_MODE = wholemodule;
				SWIFT_OPTIMIZATION_LEVEL = "-O";
				VALIDATE_PRODUCT = YES;
			};
			name = Release;
		};
		1DC4DE9F285B39AF000CAFD2 /* Debug */ = {
			isa = XCBuildConfiguration;
			buildSettings = {
				ASSETCATALOG_COMPILER_APPICON_NAME = AppIcon;
				ASSETCATALOG_COMPILER_GLOBAL_ACCENT_COLOR_NAME = AccentColor;
				CODE_SIGN_STYLE = Automatic;
				CURRENT_PROJECT_VERSION = 1;
				DEVELOPMENT_ASSET_PATHS = "\"H4X0R News/Preview Content\"";
				DEVELOPMENT_TEAM = QC54JWS8ZR;
				ENABLE_PREVIEWS = YES;
				GENERATE_INFOPLIST_FILE = YES;
				INFOPLIST_KEY_UIApplicationSceneManifest_Generation = YES;
				INFOPLIST_KEY_UIApplicationSupportsIndirectInputEvents = YES;
				INFOPLIST_KEY_UILaunchScreen_Generation = YES;
				INFOPLIST_KEY_UISupportedInterfaceOrientations_iPad = "UIInterfaceOrientationPortrait UIInterfaceOrientationPortraitUpsideDown UIInterfaceOrientationLandscapeLeft UIInterfaceOrientationLandscapeRight";
				INFOPLIST_KEY_UISupportedInterfaceOrientations_iPhone = "UIInterfaceOrientationPortrait UIInterfaceOrientationLandscapeLeft UIInterfaceOrientationLandscapeRight";
				LD_RUNPATH_SEARCH_PATHS = (
					"$(inherited)",
					"@executable_path/Frameworks",
				);
				MARKETING_VERSION = 1.0;
				PRODUCT_BUNDLE_IDENTIFIER = "com.oguzkr.H4X0R-News";
				PRODUCT_NAME = "$(TARGET_NAME)";
				SWIFT_EMIT_LOC_STRINGS = YES;
				SWIFT_VERSION = 5.0;
				TARGETED_DEVICE_FAMILY = "1,2";
			};
			name = Debug;
		};
		1DC4DEA0285B39AF000CAFD2 /* Release */ = {
			isa = XCBuildConfiguration;
			buildSettings = {
				ASSETCATALOG_COMPILER_APPICON_NAME = AppIcon;
				ASSETCATALOG_COMPILER_GLOBAL_ACCENT_COLOR_NAME = AccentColor;
				CODE_SIGN_STYLE = Automatic;
				CURRENT_PROJECT_VERSION = 1;
				DEVELOPMENT_ASSET_PATHS = "\"H4X0R News/Preview Content\"";
				DEVELOPMENT_TEAM = QC54JWS8ZR;
				ENABLE_PREVIEWS = YES;
				GENERATE_INFOPLIST_FILE = YES;
				INFOPLIST_KEY_UIApplicationSceneManifest_Generation = YES;
				INFOPLIST_KEY_UIApplicationSupportsIndirectInputEvents = YES;
				INFOPLIST_KEY_UILaunchScreen_Generation = YES;
				INFOPLIST_KEY_UISupportedInterfaceOrientations_iPad = "UIInterfaceOrientationPortrait UIInterfaceOrientationPortraitUpsideDown UIInterfaceOrientationLandscapeLeft UIInterfaceOrientationLandscapeRight";
				INFOPLIST_KEY_UISupportedInterfaceOrientations_iPhone = "UIInterfaceOrientationPortrait UIInterfaceOrientationLandscapeLeft UIInterfaceOrientationLandscapeRight";
				LD_RUNPATH_SEARCH_PATHS = (
					"$(inherited)",
					"@executable_path/Frameworks",
				);
				MARKETING_VERSION = 1.0;
				PRODUCT_BUNDLE_IDENTIFIER = "com.oguzkr.H4X0R-News";
				PRODUCT_NAME = "$(TARGET_NAME)";
				SWIFT_EMIT_LOC_STRINGS = YES;
				SWIFT_VERSION = 5.0;
				TARGETED_DEVICE_FAMILY = "1,2";
			};
			name = Release;
		};
/* End XCBuildConfiguration section */

/* Begin XCConfigurationList section */
		1DC4DE8B285B39AD000CAFD2 /* Build configuration list for PBXProject "H4X0R News" */ = {
			isa = XCConfigurationList;
			buildConfigurations = (
				1DC4DE9C285B39AF000CAFD2 /* Debug */,
				1DC4DE9D285B39AF000CAFD2 /* Release */,
			);
			defaultConfigurationIsVisible = 0;
			defaultConfigurationName = Release;
		};
		1DC4DE9E285B39AF000CAFD2 /* Build configuration list for PBXNativeTarget "H4X0R News" */ = {
			isa = XCConfigurationList;
			buildConfigurations = (
				1DC4DE9F285B39AF000CAFD2 /* Debug */,
				1DC4DEA0285B39AF000CAFD2 /* Release */,
			);
			defaultConfigurationIsVisible = 0;
			defaultConfigurationName = Release;
		};
/* End XCConfigurationList section */
	};
	rootObject = 1DC4DE88285B39AD000CAFD2 /* Project object */;
}
